
Microsoft Visual Studio Solution File, Format Version 12.00
# Visual Studio 15
VisualStudioVersion = 15.0.27703.2042
MinimumVisualStudioVersion = 10.0.40219.1
Project("{FAE04EC0-301F-11D3-BF4B-00C04F79EFBC}") = "ToDoApi", "ToDoApi\ToDoApi.csproj", "{858C3CA9-245D-47E2-967B-3BCC119EF9CB}"
EndProject
Global
	GlobalSection(SolutionConfigurationPlatforms) = preSolution
		Debug|Any CPU = Debug|Any CPU
		Release|Any CPU = Release|Any CPU
	EndGlobalSection
	GlobalSection(ProjectConfigurationPlatforms) = postSolution
		{858C3CA9-245D-47E2-967B-3BCC119EF9CB}.Debug|Any CPU.ActiveCfg = Debug|Any CPU
		{858C3CA9-245D-47E2-967B-3BCC119EF9CB}.Debug|Any CPU.Build.0 = Debug|Any CPU
		{858C3CA9-245D-47E2-967B-3BCC119EF9CB}.Release|Any CPU.ActiveCfg = Release|Any CPU
		{858C3CA9-245D-47E2-967B-3BCC119EF9CB}.Release|Any CPU.Build.0 = Release|Any CPU
	EndGlobalSection
	GlobalSection(SolutionProperties) = preSolution
		HideSolutionNode = FALSE
	EndGlobalSection
	GlobalSection(ExtensibilityGlobals) = postSolution
		SolutionGuid = {3798CF8D-ABBA-44B0-8B26-66B5DD4CFB27}
	EndGlobalSection
EndGlobal
